
Microsoft Visual Studio Solution File, Format Version 12.00
# Visual Studio Version 17
VisualStudioVersion = 17.4.33205.214
MinimumVisualStudioVersion = 10.0.40219.1
Project("{FAE04EC0-301F-11D3-BF4B-00C04F79EFBC}") = "openbiotech-iot-stream-brainflow", "openbiotech-iot-stream-brainflow\openbiotech-iot-stream-brainflow.csproj", "{2D156261-0E05-49A1-B1FE-CEFECEC1A6C0}"
EndProject
Global
	GlobalSection(SolutionConfigurationPlatforms) = preSolution
		Debug|Any CPU = Debug|Any CPU
		Release|Any CPU = Release|Any CPU
	EndGlobalSection
	GlobalSection(ProjectConfigurationPlatforms) = postSolution
		{2D156261-0E05-49A1-B1FE-CEFECEC1A6C0}.Debug|Any CPU.ActiveCfg = Debug|Any CPU
		{2D156261-0E05-49A1-B1FE-CEFECEC1A6C0}.Debug|Any CPU.Build.0 = Debug|Any CPU
		{2D156261-0E05-49A1-B1FE-CEFECEC1A6C0}.Release|Any CPU.ActiveCfg = Release|Any CPU
		{2D156261-0E05-49A1-B1FE-CEFECEC1A6C0}.Release|Any CPU.Build.0 = Release|Any CPU
	EndGlobalSection
	GlobalSection(SolutionProperties) = preSolution
		HideSolutionNode = FALSE
	EndGlobalSection
	GlobalSection(ExtensibilityGlobals) = postSolution
		SolutionGuid = {11B1EEEF-10D1-435F-AD8E-216FA66B36A2}
	EndGlobalSection
EndGlobal
